{
    "version": 3,
    "terraform_version": "0.11.13",
    "serial": 25,
    "lineage": "72a9f4f9-e3c7-1b79-6767-c2c01cfa20ab",
    "modules": [
        {
            "path": [
                "root"
            ],
            "outputs": {},
            "resources": {
                "aws_eip.instance_public_ip": {
                    "type": "aws_eip",
                    "depends_on": [
                        "aws_instance.ec2-instance-demo"
                    ],
                    "primary": {
                        "id": "eipalloc-0aeefd89d8ea382f2",
                        "attributes": {
                            "association_id": "eipassoc-0d29cec63732cacc4",
                            "domain": "vpc",
                            "id": "eipalloc-0aeefd89d8ea382f2",
                            "instance": "i-029ce176fc91f2103",
                            "network_interface": "eni-00dc13e240e3fdcea",
                            "private_dns": "ip-10-0-1-215.eu-west-2.compute.internal",
                            "private_ip": "10.0.1.215",
                            "public_dns": "ec2-35-178-16-27.eu-west-2.compute.amazonaws.com",
                            "public_ip": "35.178.16.27",
                            "public_ipv4_pool": "amazon",
                            "tags.%": "2",
                            "tags.Name": "terraform_eip",
                            "tags.created_by": "terraform",
                            "vpc": "true"
                        },
                        "meta": {
                            "e2bfb730-ecaa-11e6-8f88-34363bc7c4c0": {
                                "delete": 180000000000,
                                "read": 900000000000,
                                "update": 300000000000
                            }
                        },
                        "tainted": false
                    },
                    "deposed": [],
                    "provider": "provider.aws"
                },
                "aws_instance.ec2-instance-demo": {
                    "type": "aws_instance",
                    "depends_on": [
                        "aws_key_pair.terraform_key",
                        "aws_security_group.terraform-sg",
                        "aws_subnet.terraform_subnet"
                    ],
                    "primary": {
                        "id": "i-029ce176fc91f2103",
                        "attributes": {
                            "ami": "ami-01419b804382064e4",
                            "arn": "arn:aws:ec2:eu-west-2:237417674178:instance/i-029ce176fc91f2103",
                            "associate_public_ip_address": "false",
                            "availability_zone": "eu-west-2b",
                            "cpu_core_count": "1",
                            "cpu_threads_per_core": "1",
                            "credit_specification.#": "1",
                            "credit_specification.0.cpu_credits": "standard",
                            "disable_api_termination": "false",
                            "ebs_block_device.#": "0",
                            "ebs_optimized": "false",
                            "ephemeral_block_device.#": "0",
                            "get_password_data": "false",
                            "iam_instance_profile": "",
                            "id": "i-029ce176fc91f2103",
                            "instance_state": "running",
                            "instance_type": "t2.micro",
                            "ipv6_address_count": "0",
                            "ipv6_addresses.#": "0",
                            "key_name": "terraform_key",
                            "monitoring": "false",
                            "network_interface.#": "0",
                            "password_data": "",
                            "placement_group": "",
                            "primary_network_interface_id": "eni-00dc13e240e3fdcea",
                            "private_dns": "ip-10-0-1-215.eu-west-2.compute.internal",
                            "private_ip": "10.0.1.215",
                            "public_dns": "",
                            "public_ip": "",
                            "root_block_device.#": "1",
                            "root_block_device.0.delete_on_termination": "true",
                            "root_block_device.0.iops": "100",
                            "root_block_device.0.volume_id": "vol-017d6e522937f073f",
                            "root_block_device.0.volume_size": "8",
                            "root_block_device.0.volume_type": "gp2",
                            "security_groups.#": "0",
                            "source_dest_check": "true",
                            "subnet_id": "subnet-04c9ca670ceba60bc",
                            "tags.%": "2",
                            "tags.Name": "terraform_instance",
                            "tags.created_by": "terraform",
                            "tenancy": "default",
                            "volume_tags.%": "0",
                            "vpc_security_group_ids.#": "1",
                            "vpc_security_group_ids.4215999720": "sg-088874dd0242d534f"
                        },
                        "meta": {
                            "e2bfb730-ecaa-11e6-8f88-34363bc7c4c0": {
                                "create": 600000000000,
                                "delete": 1200000000000,
                                "update": 600000000000
                            },
                            "schema_version": "1"
                        },
                        "tainted": false
                    },
                    "deposed": [],
                    "provider": "provider.aws"
                },
                "aws_internet_gateway.terraform_internet_gateway": {
                    "type": "aws_internet_gateway",
                    "depends_on": [
                        "aws_vpc.terraform_vpc"
                    ],
                    "primary": {
                        "id": "igw-08005aa1352689feb",
                        "attributes": {
                            "id": "igw-08005aa1352689feb",
                            "owner_id": "237417674178",
                            "tags.%": "2",
                            "tags.Name": "terraform_ig",
                            "tags.created_by": "terraform",
                            "vpc_id": "vpc-0de2376a40b142ecf"
                        },
                        "meta": {},
                        "tainted": false
                    },
                    "deposed": [],
                    "provider": "provider.aws"
                },
                "aws_key_pair.terraform_key": {
                    "type": "aws_key_pair",
                    "depends_on": [],
                    "primary": {
                        "id": "terraform_key",
                        "attributes": {
                            "fingerprint": "73:8a:9e:c7:86:fa:79:e4:96:3b:e9:56:c5:91:b0:94",
                            "id": "terraform_key",
                            "key_name": "terraform_key",
                            "public_key": "ssh-rsa AAAAB3NzaC1yc2EAAAADAQABAAABAQDdXWKMSJIOcXH6phzi1MkLPzgm9T04QmhUijwzoNE+DObhoXzRaf/quR+yEV6MvkyqjRg7Y23cft/aDOk6fXCw4FsSYbMFHDRuyTid5HLDDC+uhFTOWYmXDkCpxtDAlYI1rWXvj6fNfRfOUts0ty1zIAaA74/6kjKT6SnpL//PVt4QhPyHVEa/kPPzkfvcQnpxYBoxLIb5a/IKCdGcN3pgAxOgbOocN57FIgwaihjAF1dJMhftQ6jHwc3KHnxN9DkNh6YM0/JkcVNoeQyIQV2wjvhJn2JOUXNKh90ZmYG+WwOo+H+qsOaV5Yfz0XRktxzCB12U1wdjG+uSjYGMC2/N paul@Pauls-MacBook-Pro.local"
                        },
                        "meta": {
                            "schema_version": "1"
                        },
                        "tainted": false
                    },
                    "deposed": [],
                    "provider": "provider.aws"
                },
                "aws_route_table.terraform_route_table": {
                    "type": "aws_route_table",
                    "depends_on": [
                        "aws_internet_gateway.terraform_internet_gateway",
                        "aws_vpc.terraform_vpc"
                    ],
                    "primary": {
                        "id": "rtb-037d5608177b5ac7f",
                        "attributes": {
                            "id": "rtb-037d5608177b5ac7f",
                            "owner_id": "237417674178",
                            "propagating_vgws.#": "0",
                            "route.#": "1",
                            "route.3685188671.cidr_block": "0.0.0.0/0",
                            "route.3685188671.egress_only_gateway_id": "",
                            "route.3685188671.gateway_id": "igw-08005aa1352689feb",
                            "route.3685188671.instance_id": "",
                            "route.3685188671.ipv6_cidr_block": "",
                            "route.3685188671.nat_gateway_id": "",
                            "route.3685188671.network_interface_id": "",
                            "route.3685188671.transit_gateway_id": "",
                            "route.3685188671.vpc_peering_connection_id": "",
                            "tags.%": "2",
                            "tags.Name": "terraform_route_table",
                            "tags.created_by": "terraform",
                            "vpc_id": "vpc-0de2376a40b142ecf"
                        },
                        "meta": {},
                        "tainted": false
                    },
                    "deposed": [],
                    "provider": "provider.aws"
                },
                "aws_route_table_association.terraform_route_table_assoc": {
                    "type": "aws_route_table_association",
                    "depends_on": [
                        "aws_route_table.terraform_route_table",
                        "aws_subnet.terraform_subnet"
                    ],
                    "primary": {
                        "id": "rtbassoc-0c16806d7bd2ac306",
                        "attributes": {
                            "id": "rtbassoc-0c16806d7bd2ac306",
                            "route_table_id": "rtb-037d5608177b5ac7f",
                            "subnet_id": "subnet-04c9ca670ceba60bc"
                        },
                        "meta": {},
                        "tainted": false
                    },
                    "deposed": [],
                    "provider": "provider.aws"
                },
                "aws_security_group.terraform-sg": {
                    "type": "aws_security_group",
                    "depends_on": [
                        "aws_vpc.terraform_vpc"
                    ],
                    "primary": {
                        "id": "sg-088874dd0242d534f",
                        "attributes": {
                            "arn": "arn:aws:ec2:eu-west-2:237417674178:security-group/sg-088874dd0242d534f",
                            "description": "Managed by Terraform",
                            "egress.#": "1",
                            "egress.482069346.cidr_blocks.#": "1",
                            "egress.482069346.cidr_blocks.0": "0.0.0.0/0",
                            "egress.482069346.description": "",
                            "egress.482069346.from_port": "0",
                            "egress.482069346.ipv6_cidr_blocks.#": "0",
                            "egress.482069346.prefix_list_ids.#": "0",
                            "egress.482069346.protocol": "-1",
                            "egress.482069346.security_groups.#": "0",
                            "egress.482069346.self": "false",
                            "egress.482069346.to_port": "0",
                            "id": "sg-088874dd0242d534f",
                            "ingress.#": "2",
                            "ingress.2599396746.cidr_blocks.#": "1",
                            "ingress.2599396746.cidr_blocks.0": "0.0.0.0/0",
                            "ingress.2599396746.description": "",
                            "ingress.2599396746.from_port": "0",
                            "ingress.2599396746.ipv6_cidr_blocks.#": "0",
                            "ingress.2599396746.prefix_list_ids.#": "0",
                            "ingress.2599396746.protocol": "ICMP",
                            "ingress.2599396746.security_groups.#": "0",
                            "ingress.2599396746.self": "false",
                            "ingress.2599396746.to_port": "0",
                            "ingress.482069346.cidr_blocks.#": "1",
                            "ingress.482069346.cidr_blocks.0": "0.0.0.0/0",
                            "ingress.482069346.description": "",
                            "ingress.482069346.from_port": "0",
                            "ingress.482069346.ipv6_cidr_blocks.#": "0",
                            "ingress.482069346.prefix_list_ids.#": "0",
                            "ingress.482069346.protocol": "-1",
                            "ingress.482069346.security_groups.#": "0",
                            "ingress.482069346.self": "false",
                            "ingress.482069346.to_port": "0",
                            "name": "terraform-20190502215247199800000001",
                            "owner_id": "237417674178",
                            "revoke_rules_on_delete": "false",
                            "tags.%": "1",
                            "tags.Name": "terraform_sg",
                            "vpc_id": "vpc-0de2376a40b142ecf"
                        },
                        "meta": {
                            "e2bfb730-ecaa-11e6-8f88-34363bc7c4c0": {
                                "create": 600000000000,
                                "delete": 600000000000
                            },
                            "schema_version": "1"
                        },
                        "tainted": false
                    },
                    "deposed": [],
                    "provider": "provider.aws"
                },
                "aws_subnet.terraform_subnet": {
                    "type": "aws_subnet",
                    "depends_on": [
                        "aws_vpc.terraform_vpc"
                    ],
                    "primary": {
                        "id": "subnet-04c9ca670ceba60bc",
                        "attributes": {
                            "arn": "arn:aws:ec2:eu-west-2:237417674178:subnet/subnet-04c9ca670ceba60bc",
                            "assign_ipv6_address_on_creation": "false",
                            "availability_zone": "eu-west-2b",
                            "availability_zone_id": "euw2-az3",
                            "cidr_block": "10.0.1.0/24",
                            "id": "subnet-04c9ca670ceba60bc",
                            "ipv6_cidr_block": "",
                            "ipv6_cidr_block_association_id": "",
                            "map_public_ip_on_launch": "false",
                            "owner_id": "237417674178",
                            "tags.%": "2",
                            "tags.Name": "terraform_sg",
                            "tags.created_by": "terraform",
                            "vpc_id": "vpc-0de2376a40b142ecf"
                        },
                        "meta": {
                            "e2bfb730-ecaa-11e6-8f88-34363bc7c4c0": {
                                "create": 600000000000,
                                "delete": 600000000000
                            },
                            "schema_version": "1"
                        },
                        "tainted": false
                    },
                    "deposed": [],
                    "provider": "provider.aws"
                },
                "aws_vpc.terraform_vpc": {
                    "type": "aws_vpc",
                    "depends_on": [],
                    "primary": {
                        "id": "vpc-0de2376a40b142ecf",
                        "attributes": {
                            "arn": "arn:aws:ec2:eu-west-2:237417674178:vpc/vpc-0de2376a40b142ecf",
                            "assign_generated_ipv6_cidr_block": "false",
                            "cidr_block": "10.0.0.0/16",
                            "default_network_acl_id": "acl-0f336fbe2968c6547",
                            "default_route_table_id": "rtb-0910c542708af22eb",
                            "default_security_group_id": "sg-07acc936515ba742c",
                            "dhcp_options_id": "dopt-8dcb19e4",
                            "enable_dns_hostnames": "false",
                            "enable_dns_support": "true",
                            "id": "vpc-0de2376a40b142ecf",
                            "instance_tenancy": "default",
                            "ipv6_association_id": "",
                            "ipv6_cidr_block": "",
                            "main_route_table_id": "rtb-0910c542708af22eb",
                            "owner_id": "237417674178",
                            "tags.%": "2",
                            "tags.Name": "terraform_vpc",
                            "tags.created_by": "terraform"
                        },
                        "meta": {
                            "schema_version": "1"
                        },
                        "tainted": false
                    },
                    "deposed": [],
                    "provider": "provider.aws"
                }
            },
            "depends_on": []
        }
    ]
}
